{
    "_readme": [
        "This file locks the dependencies of your project to a known state",
        "Read more about it at https://getcomposer.org/doc/01-basic-usage.md#composer-lock-the-lock-file",
        "This file is @generated automatically"
    ],
    "hash": "f11a516360d3760a2f4cb8eb4a8c1a89",
    "packages": [
        {
            "name": "diversen/simple-php-classes",
            "version": "dev-master",
            "source": {
                "type": "git",
                "url": "https://github.com/diversen/simple-php-classes.git",
                "reference": "b05c00c4b336dda9ab4edff1cbf80e99f5523f87"
            },
            "dist": {
                "type": "zip",
                "url": "https://api.github.com/repos/diversen/simple-php-classes/zipball/b05c00c4b336dda9ab4edff1cbf80e99f5523f87",
                "reference": "b05c00c4b336dda9ab4edff1cbf80e99f5523f87",
                "shasum": ""
            },
            "type": "library",
            "autoload": {
                "psr-4": {
                    "diversen\\": "src/"
                }
            },
            "notification-url": "https://packagist.org/downloads/",
            "description": "A collection of simple classes",
            "time": "2015-08-04 23:12:59"
        }
    ],
    "packages-dev": [],
    "aliases": [],
    "minimum-stability": "stable",
    "stability-flags": {
        "diversen/simple-php-classes": 20
    },
    "prefer-stable": false,
    "prefer-lowest": false,
    "platform": {
        "php": ">=5.3.0"
    },
    "platform-dev": []
}
