{
    "_readme": [
        "This file locks the dependencies of your project to a known state",
        "Read more about it at https://getcomposer.org/doc/01-basic-usage.md#composer-lock-the-lock-file",
        "This file is @generated automatically"
    ],
    "hash": "aa32e4e4bffa447c3bcdc70123ce0f95",
    "packages": [
        {
            "name": "diversen/simple-php-classes",
            "version": "1.3.0",
            "source": {
                "type": "git",
                "url": "https://github.com/diversen/simple-php-classes.git",
                "reference": "a71c08f5df8b75c51ed9d55453d0144eaf0fa51a"
            },
            "dist": {
                "type": "zip",
                "url": "https://api.github.com/repos/diversen/simple-php-classes/zipball/a71c08f5df8b75c51ed9d55453d0144eaf0fa51a",
                "reference": "a71c08f5df8b75c51ed9d55453d0144eaf0fa51a",
                "shasum": ""
            },
            "type": "library",
            "autoload": {
                "psr-4": {
                    "diversen\\": "src/"
                }
            },
            "notification-url": "https://packagist.org/downloads/",
            "description": "A collection of simple classes",
            "time": "2015-08-01 20:25:24"
        }
    ],
    "packages-dev": [],
    "aliases": [],
    "minimum-stability": "stable",
    "stability-flags": [],
    "prefer-stable": false,
    "prefer-lowest": false,
    "platform": {
        "php": ">=5.3.0"
    },
    "platform-dev": []
}
